
Microsoft Visual Studio Solution File, Format Version 12.00
# Visual Studio Version 17
VisualStudioVersion = 17.11.35327.3
MinimumVisualStudioVersion = 10.0.40219.1
Project("{9A19103F-16F7-4668-BE54-9A1E7A4F7556}") = "UdemyUnitTest.App", "UdemyUnitTest.App\UdemyUnitTest.App.csproj", "{3BE382A3-0D51-4A67-B274-D2D64C1DA9F0}"
EndProject
Project("{9A19103F-16F7-4668-BE54-9A1E7A4F7556}") = "UdemyUnitTest.Test", "UdemyUnitTest.Test\UdemyUnitTest.Test.csproj", "{461A8BC7-A063-478E-B53E-DB71E35849BB}"
EndProject
Global
	GlobalSection(SolutionConfigurationPlatforms) = preSolution
		Debug|Any CPU = Debug|Any CPU
		Release|Any CPU = Release|Any CPU
	EndGlobalSection
	GlobalSection(ProjectConfigurationPlatforms) = postSolution
		{3BE382A3-0D51-4A67-B274-D2D64C1DA9F0}.Debug|Any CPU.ActiveCfg = Debug|Any CPU
		{3BE382A3-0D51-4A67-B274-D2D64C1DA9F0}.Debug|Any CPU.Build.0 = Debug|Any CPU
		{3BE382A3-0D51-4A67-B274-D2D64C1DA9F0}.Release|Any CPU.ActiveCfg = Release|Any CPU
		{3BE382A3-0D51-4A67-B274-D2D64C1DA9F0}.Release|Any CPU.Build.0 = Release|Any CPU
		{461A8BC7-A063-478E-B53E-DB71E35849BB}.Debug|Any CPU.ActiveCfg = Debug|Any CPU
		{461A8BC7-A063-478E-B53E-DB71E35849BB}.Debug|Any CPU.Build.0 = Debug|Any CPU
		{461A8BC7-A063-478E-B53E-DB71E35849BB}.Release|Any CPU.ActiveCfg = Release|Any CPU
		{461A8BC7-A063-478E-B53E-DB71E35849BB}.Release|Any CPU.Build.0 = Release|Any CPU
	EndGlobalSection
	GlobalSection(SolutionProperties) = preSolution
		HideSolutionNode = FALSE
	EndGlobalSection
	GlobalSection(ExtensibilityGlobals) = postSolution
		SolutionGuid = {C95B2F9C-6014-4AFB-A785-FD92EF6C8FDC}
	EndGlobalSection
EndGlobal
